{
  "requires": true,
  "lockfileVersion": 1,
  "dependencies": {
    "tailwindcss-animate": {
      "version": "1.0.7",
      "resolved": "https://registry.npmjs.org/tailwindcss-animate/-/tailwindcss-animate-1.0.7.tgz",
      "integrity": "sha512-bl6mpH3T7I3UFxuvDEXLxy/VuFxBk5bbzplh7tXI68mwMokNYd1t9qPBHlnyTwfa4JGC4zP516I1hYYtQ/vspA==",
      "dev": true
    }
  }
}
